{
  "name": "jsge-demo-basic",
  "version": "1.0.0",
  "lockfileVersion": 2,
  "requires": true,
  "packages": {
    "": {
      "name": "jsge-demo-basic",
      "version": "1.0.0",
      "license": "ISC",
      "dependencies": {
        "asset-loader": "file:../../packages/asset-loader",
        "jsge-core": "file:../../packages/jsge-core",
        "jsge-module-audio": "file:../../packages/jsge-module-audio",
        "jsge-module-basic-physics": "file:../../packages/jsge-module-basic-physics",
        "jsge-module-debug": "file:../../packages/jsge-module-debug",
        "jsge-module-graphics2d": "file:../../packages/jsge-module-graphics2d",
        "jsge-module-input": "file:../../packages/jsge-module-input",
        "jsge-module-networking": "file:../../packages/jsge-module-networking"
      }
    },
    "../../packages/asset-loader": {
      "version": "1.0.0",
      "license": "ISC"
    },
    "../../packages/jsge-core": {
      "version": "1.0.0",
      "license": "ISC",
      "dependencies": {
        "gl-matrix": "^3.4.3",
        "uuid": "^8.3.2"
      }
    },
    "../../packages/jsge-core/node_modules/uuid": {
      "version": "8.3.2",
      "resolved": "https://registry.npmjs.org/uuid/-/uuid-8.3.2.tgz",
      "integrity": "sha512-+NYs2QeMWy+GWFOEm9xnn6HCDp0l7QBD7ml8zLUmJ+93Q5NF0NocErnwkTkXVFNiX3/fpC6afS8Dhb/gz7R7eg==",
      "bin": {
        "uuid": "dist/bin/uuid"
      }
    },
    "../../packages/jsge-module-audio": {
      "version": "1.0.0",
      "license": "ISC",
      "dependencies": {
        "nanoid": "^3.3.1"
      }
    },
    "../../packages/jsge-module-basic-physics": {
      "version": "1.0.0",
      "license": "ISC",
      "dependencies": {
        "jsge-core": "file:../jsge-core"
      }
    },
    "../../packages/jsge-module-debug": {
      "version": "1.0.0",
      "license": "ISC",
      "dependencies": {
        "jsge-core": "file:../jsge-core"
      }
    },
    "../../packages/jsge-module-graphics2d": {
      "version": "1.0.0",
      "license": "ISC",
      "dependencies": {
        "jsge-core": "file:../jsge-core"
      }
    },
    "../../packages/jsge-module-input": {
      "version": "1.0.0",
      "license": "ISC"
    },
    "../../packages/jsge-module-networking": {
      "version": "1.0.0",
      "license": "ISC",
      "dependencies": {
        "jsge-core": "file:../jsge-core"
      }
    },
    "node_modules/asset-loader": {
      "resolved": "../../packages/asset-loader",
      "link": true
    },
    "node_modules/jsge-core": {
      "resolved": "../../packages/jsge-core",
      "link": true
    },
    "node_modules/jsge-module-audio": {
      "resolved": "../../packages/jsge-module-audio",
      "link": true
    },
    "node_modules/jsge-module-basic-physics": {
      "resolved": "../../packages/jsge-module-basic-physics",
      "link": true
    },
    "node_modules/jsge-module-debug": {
      "resolved": "../../packages/jsge-module-debug",
      "link": true
    },
    "node_modules/jsge-module-graphics2d": {
      "resolved": "../../packages/jsge-module-graphics2d",
      "link": true
    },
    "node_modules/jsge-module-input": {
      "resolved": "../../packages/jsge-module-input",
      "link": true
    },
    "node_modules/jsge-module-networking": {
      "resolved": "../../packages/jsge-module-networking",
      "link": true
    }
  },
  "dependencies": {
    "asset-loader": {
      "version": "file:../../packages/asset-loader"
    },
    "jsge-core": {
      "version": "file:../../packages/jsge-core",
      "requires": {
        "gl-matrix": "^3.4.3",
        "uuid": "^8.3.2"
      },
      "dependencies": {
        "uuid": {
          "version": "8.3.2",
          "resolved": "https://registry.npmjs.org/uuid/-/uuid-8.3.2.tgz",
          "integrity": "sha512-+NYs2QeMWy+GWFOEm9xnn6HCDp0l7QBD7ml8zLUmJ+93Q5NF0NocErnwkTkXVFNiX3/fpC6afS8Dhb/gz7R7eg=="
        }
      }
    },
    "jsge-module-audio": {
      "version": "file:../../packages/jsge-module-audio",
      "requires": {
        "nanoid": "^3.3.1"
      }
    },
    "jsge-module-basic-physics": {
      "version": "file:../../packages/jsge-module-basic-physics",
      "requires": {
        "jsge-core": "file:../jsge-core"
      }
    },
    "jsge-module-debug": {
      "version": "file:../../packages/jsge-module-debug",
      "requires": {
        "jsge-core": "file:../jsge-core"
      }
    },
    "jsge-module-graphics2d": {
      "version": "file:../../packages/jsge-module-graphics2d",
      "requires": {
        "jsge-core": "file:../jsge-core"
      }
    },
    "jsge-module-input": {
      "version": "file:../../packages/jsge-module-input"
    },
    "jsge-module-networking": {
      "version": "file:../../packages/jsge-module-networking",
      "requires": {
        "jsge-core": "file:../jsge-core"
      }
    }
  }
}
