{
  "name": "jsge-module-input",
  "version": "1.0.0",
  "lockfileVersion": 2,
  "requires": true,
  "packages": {
    "": {
      "name": "jsge-module-input",
      "version": "1.0.0",
      "license": "ISC",
      "dependencies": {
        "jsge-core": "file:../jsge-core"
      }
    },
    "../jsge-core": {
      "version": "1.0.0",
      "license": "ISC",
      "dependencies": {
        "asset-loader": "file:../asset-loader",
        "gl-matrix": "^3.4.3",
        "uuid": "^8.3.2"
      }
    },
    "node_modules/jsge-core": {
      "resolved": "../jsge-core",
      "link": true
    }
  },
  "dependencies": {
    "jsge-core": {
      "version": "file:../jsge-core",
      "requires": {
        "asset-loader": "file:../asset-loader",
        "gl-matrix": "^3.4.3",
        "uuid": "^8.3.2"
      }
    }
  }
}
