{
  "requires": true,
  "lockfileVersion": 1,
  "dependencies": {
    "@easyfonts/league-mono-typeface": {
      "version": "1.0.4",
      "resolved": "https://registry.npmjs.org/@easyfonts/league-mono-typeface/-/league-mono-typeface-1.0.4.tgz",
      "integrity": "sha512-XHJUWuf/Lj0M2Bs6ObKSV8V+rNQ0EZloQ7kW18JgQjkGnH+aXs5TyNpgRyfOU2+/sxwC6n7vlajftEuYfJH0+A=="
    }
  }
}
